// !$*UTF8*$!
{
	archiveVersion = 1;
	classes = {
	};
	objectVersion = 48;
	objects = {

/* Begin PBXBuildFile section */
		168C9E801B8A6BB8F3A03BA0 /* Pods_siri.framework in Frameworks */ = {isa = PBXBuildFile; fileRef = D529477A26DE214AF315858A /* Pods_siri.framework */; };
		DB4F0D32224E352700D51338 /* AppDelegate.swift in Sources */ = {isa = PBXBuildFile; fileRef = DB4F0D31224E352700D51338 /* AppDelegate.swift */; };
		DB4F0D34224E352700D51338 /* ViewController.swift in Sources */ = {isa = PBXBuildFile; fileRef = DB4F0D33224E352700D51338 /* ViewController.swift */; };
		DB4F0D37224E352700D51338 /* Main.storyboard in Resources */ = {isa = PBXBuildFile; fileRef = DB4F0D35224E352700D51338 /* Main.storyboard */; };
		DB4F0D39224E352700D51338 /* Assets.xcassets in Resources */ = {isa = PBXBuildFile; fileRef = DB4F0D38224E352700D51338 /* Assets.xcassets */; };
		DB4F0D3C224E352700D51338 /* LaunchScreen.storyboard in Resources */ = {isa = PBXBuildFile; fileRef = DB4F0D3A224E352700D51338 /* LaunchScreen.storyboard */; };
/* End PBXBuildFile section */

/* Begin PBXFileReference section */
		62E7DF8DEFCFD235B1249E5C /* Pods-siri.debug.xcconfig */ = {isa = PBXFileReference; includeInIndex = 1; lastKnownFileType = text.xcconfig; name = "Pods-siri.debug.xcconfig"; path = "Target Support Files/Pods-siri/Pods-siri.debug.xcconfig"; sourceTree = "<group>"; };
		7CB4460948CAA3DE5EBCDEF6 /* Pods-siri.release.xcconfig */ = {isa = PBXFileReference; includeInIndex = 1; lastKnownFileType = text.xcconfig; name = "Pods-siri.release.xcconfig"; path = "Target Support Files/Pods-siri/Pods-siri.release.xcconfig"; sourceTree = "<group>"; };
		D529477A26DE214AF315858A /* Pods_siri.framework */ = {isa = PBXFileReference; explicitFileType = wrapper.framework; includeInIndex = 0; path = Pods_siri.framework; sourceTree = BUILT_PRODUCTS_DIR; };
		DB4F0D2E224E352700D51338 /* siri.app */ = {isa = PBXFileReference; explicitFileType = wrapper.application; includeInIndex = 0; path = siri.app; sourceTree = BUILT_PRODUCTS_DIR; };
		DB4F0D31224E352700D51338 /* AppDelegate.swift */ = {isa = PBXFileReference; lastKnownFileType = sourcecode.swift; path = AppDelegate.swift; sourceTree = "<group>"; };
		DB4F0D33224E352700D51338 /* ViewController.swift */ = {isa = PBXFileReference; lastKnownFileType = sourcecode.swift; path = ViewController.swift; sourceTree = "<group>"; };
		DB4F0D36224E352700D51338 /* Base */ = {isa = PBXFileReference; lastKnownFileType = file.storyboard; name = Base; path = Base.lproj/Main.storyboard; sourceTree = "<group>"; };
		DB4F0D38224E352700D51338 /* Assets.xcassets */ = {isa = PBXFileReference; lastKnownFileType = folder.assetcatalog; path = Assets.xcassets; sourceTree = "<group>"; };
		DB4F0D3B224E352700D51338 /* Base */ = {isa = PBXFileReference; lastKnownFileType = file.storyboard; name = Base; path = Base.lproj/LaunchScreen.storyboard; sourceTree = "<group>"; };
		DB4F0D3D224E352700D51338 /* Info.plist */ = {isa = PBXFileReference; lastKnownFileType = text.plist.xml; path = Info.plist; sourceTree = "<group>"; };
/* End PBXFileReference section */

/* Begin PBXFrameworksBuildPhase section */
		DB4F0D2B224E352700D51338 /* Frameworks */ = {
			isa = PBXFrameworksBuildPhase;
			buildActionMask = 2147483647;
			files = (
				168C9E801B8A6BB8F3A03BA0 /* Pods_siri.framework in Frameworks */,
			);
			runOnlyForDeploymentPostprocessing = 0;
		};
/* End PBXFrameworksBuildPhase section */

/* Begin PBXGroup section */
		39373B65705CC1613A614960 /* Pods */ = {
			isa = PBXGroup;
			children = (
				62E7DF8DEFCFD235B1249E5C /* Pods-siri.debug.xcconfig */,
				7CB4460948CAA3DE5EBCDEF6 /* Pods-siri.release.xcconfig */,
			);
			name = Pods;
			path = Pods;
			sourceTree = "<group>";
		};
		762319C151323A0B83140DD6 /* Frameworks */ = {
			isa = PBXGroup;
			children = (
				D529477A26DE214AF315858A /* Pods_siri.framework */,
			);
			name = Frameworks;
			sourceTree = "<group>";
		};
		DB4F0D25224E352700D51338 = {
			isa = PBXGroup;
			children = (
				DB4F0D30224E352700D51338 /* siri */,
				DB4F0D2F224E352700D51338 /* Products */,
				39373B65705CC1613A614960 /* Pods */,
				762319C151323A0B83140DD6 /* Frameworks */,
			);
			sourceTree = "<group>";
		};
		DB4F0D2F224E352700D51338 /* Products */ = {
			isa = PBXGroup;
			children = (
				DB4F0D2E224E352700D51338 /* siri.app */,
			);
			name = Products;
			sourceTree = "<group>";
		};
		DB4F0D30224E352700D51338 /* siri */ = {
			isa = PBXGroup;
			children = (
				DB4F0D31224E352700D51338 /* AppDelegate.swift */,
				DB4F0D33224E352700D51338 /* ViewController.swift */,
				DB4F0D35224E352700D51338 /* Main.storyboard */,
				DB4F0D38224E352700D51338 /* Assets.xcassets */,
				DB4F0D3A224E352700D51338 /* LaunchScreen.storyboard */,
				DB4F0D3D224E352700D51338 /* Info.plist */,
			);
			path = siri;
			sourceTree = "<group>";
		};
/* End PBXGroup section */

/* Begin PBXNativeTarget section */
		DB4F0D2D224E352700D51338 /* siri */ = {
			isa = PBXNativeTarget;
			buildConfigurationList = DB4F0D40224E352700D51338 /* Build configuration list for PBXNativeTarget "siri" */;
			buildPhases = (
				52A515DE21383AA6D6A5EFE4 /* [CP] Check Pods Manifest.lock */,
				DB4F0D2A224E352700D51338 /* Sources */,
				DB4F0D2B224E352700D51338 /* Frameworks */,
				DB4F0D2C224E352700D51338 /* Resources */,
				075F5BBE96B6A8F667A15B79 /* [CP] Embed Pods Frameworks */,
			);
			buildRules = (
			);
			dependencies = (
			);
			name = siri;
			productName = siri;
			productReference = DB4F0D2E224E352700D51338 /* siri.app */;
			productType = "com.apple.product-type.application";
		};
/* End PBXNativeTarget section */

/* Begin PBXProject section */
		DB4F0D26224E352700D51338 /* Project object */ = {
			isa = PBXProject;
			attributes = {
				LastSwiftUpdateCheck = 0920;
				LastUpgradeCheck = 0920;
				ORGANIZATIONNAME = "Clementine URQUIZAR";
				TargetAttributes = {
					DB4F0D2D224E352700D51338 = {
						CreatedOnToolsVersion = 9.2;
						ProvisioningStyle = Automatic;
					};
				};
			};
			buildConfigurationList = DB4F0D29224E352700D51338 /* Build configuration list for PBXProject "siri" */;
			compatibilityVersion = "Xcode 8.0";
			developmentRegion = en;
			hasScannedForEncodings = 0;
			knownRegions = (
				en,
				Base,
			);
			mainGroup = DB4F0D25224E352700D51338;
			productRefGroup = DB4F0D2F224E352700D51338 /* Products */;
			projectDirPath = "";
			projectRoot = "";
			targets = (
				DB4F0D2D224E352700D51338 /* siri */,
			);
		};
/* End PBXProject section */

/* Begin PBXResourcesBuildPhase section */
		DB4F0D2C224E352700D51338 /* Resources */ = {
			isa = PBXResourcesBuildPhase;
			buildActionMask = 2147483647;
			files = (
				DB4F0D3C224E352700D51338 /* LaunchScreen.storyboard in Resources */,
				DB4F0D39224E352700D51338 /* Assets.xcassets in Resources */,
				DB4F0D37224E352700D51338 /* Main.storyboard in Resources */,
			);
			runOnlyForDeploymentPostprocessing = 0;
		};
/* End PBXResourcesBuildPhase section */

/* Begin PBXShellScriptBuildPhase section */
		075F5BBE96B6A8F667A15B79 /* [CP] Embed Pods Frameworks */ = {
			isa = PBXShellScriptBuildPhase;
			buildActionMask = 2147483647;
			files = (
			);
			inputFileListPaths = (
			);
			inputPaths = (
				"${PODS_ROOT}/Target Support Files/Pods-siri/Pods-siri-frameworks.sh",
				"${BUILT_PRODUCTS_DIR}/Alamofire/Alamofire.framework",
				"${BUILT_PRODUCTS_DIR}/ForecastIO/ForecastIO.framework",
				"${BUILT_PRODUCTS_DIR}/ObjectMapper/ObjectMapper.framework",
				"${BUILT_PRODUCTS_DIR}/sapcai/sapcai.framework",
			);
			name = "[CP] Embed Pods Frameworks";
			outputFileListPaths = (
			);
			outputPaths = (
				"${TARGET_BUILD_DIR}/${FRAMEWORKS_FOLDER_PATH}/Alamofire.framework",
				"${TARGET_BUILD_DIR}/${FRAMEWORKS_FOLDER_PATH}/ForecastIO.framework",
				"${TARGET_BUILD_DIR}/${FRAMEWORKS_FOLDER_PATH}/ObjectMapper.framework",
				"${TARGET_BUILD_DIR}/${FRAMEWORKS_FOLDER_PATH}/sapcai.framework",
			);
			runOnlyForDeploymentPostprocessing = 0;
			shellPath = /bin/sh;
			shellScript = "\"${PODS_ROOT}/Target Support Files/Pods-siri/Pods-siri-frameworks.sh\"\n";
			showEnvVarsInLog = 0;
		};
		52A515DE21383AA6D6A5EFE4 /* [CP] Check Pods Manifest.lock */ = {
			isa = PBXShellScriptBuildPhase;
			buildActionMask = 2147483647;
			files = (
			);
			inputFileListPaths = (
			);
			inputPaths = (
				"${PODS_PODFILE_DIR_PATH}/Podfile.lock",
				"${PODS_ROOT}/Manifest.lock",
			);
			name = "[CP] Check Pods Manifest.lock";
			outputFileListPaths = (
			);
			outputPaths = (
				"$(DERIVED_FILE_DIR)/Pods-siri-checkManifestLockResult.txt",
			);
			runOnlyForDeploymentPostprocessing = 0;
			shellPath = /bin/sh;
			shellScript = "diff \"${PODS_PODFILE_DIR_PATH}/Podfile.lock\" \"${PODS_ROOT}/Manifest.lock\" > /dev/null\nif [ $? != 0 ] ; then\n    # print error to STDERR\n    echo \"error: The sandbox is not in sync with the Podfile.lock. Run 'pod install' or update your CocoaPods installation.\" >&2\n    exit 1\nfi\n# This output is used by Xcode 'outputs' to avoid re-running this script phase.\necho \"SUCCESS\" > \"${SCRIPT_OUTPUT_FILE_0}\"\n";
			showEnvVarsInLog = 0;
		};
/* End PBXShellScriptBuildPhase section */

/* Begin PBXSourcesBuildPhase section */
		DB4F0D2A224E352700D51338 /* Sources */ = {
			isa = PBXSourcesBuildPhase;
			buildActionMask = 2147483647;
			files = (
				DB4F0D34224E352700D51338 /* ViewController.swift in Sources */,
				DB4F0D32224E352700D51338 /* AppDelegate.swift in Sources */,
			);
			runOnlyForDeploymentPostprocessing = 0;
		};
/* End PBXSourcesBuildPhase section */

/* Begin PBXVariantGroup section */
		DB4F0D35224E352700D51338 /* Main.storyboard */ = {
			isa = PBXVariantGroup;
			children = (
				DB4F0D36224E352700D51338 /* Base */,
			);
			name = Main.storyboard;
			sourceTree = "<group>";
		};
		DB4F0D3A224E352700D51338 /* LaunchScreen.storyboard */ = {
			isa = PBXVariantGroup;
			children = (
				DB4F0D3B224E352700D51338 /* Base */,
			);
			name = LaunchScreen.storyboard;
			sourceTree = "<group>";
		};
/* End PBXVariantGroup section */

/* Begin XCBuildConfiguration section */
		DB4F0D3E224E352700D51338 /* Debug */ = {
			isa = XCBuildConfiguration;
			buildSettings = {
				ALWAYS_SEARCH_USER_PATHS = NO;
				CLANG_ANALYZER_NONNULL = YES;
				CLANG_ANALYZER_NUMBER_OBJECT_CONVERSION = YES_AGGRESSIVE;
				CLANG_CXX_LANGUAGE_STANDARD = "gnu++14";
				CLANG_CXX_LIBRARY = "libc++";
				CLANG_ENABLE_MODULES = YES;
				CLANG_ENABLE_OBJC_ARC = YES;
				CLANG_WARN_BLOCK_CAPTURE_AUTORELEASING = YES;
				CLANG_WARN_BOOL_CONVERSION = YES;
				CLANG_WARN_COMMA = YES;
				CLANG_WARN_CONSTANT_CONVERSION = YES;
				CLANG_WARN_DIRECT_OBJC_ISA_USAGE = YES_ERROR;
				CLANG_WARN_DOCUMENTATION_COMMENTS = YES;
				CLANG_WARN_EMPTY_BODY = YES;
				CLANG_WARN_ENUM_CONVERSION = YES;
				CLANG_WARN_INFINITE_RECURSION = YES;
				CLANG_WARN_INT_CONVERSION = YES;
				CLANG_WARN_NON_LITERAL_NULL_CONVERSION = YES;
				CLANG_WARN_OBJC_LITERAL_CONVERSION = YES;
				CLANG_WARN_OBJC_ROOT_CLASS = YES_ERROR;
				CLANG_WARN_RANGE_LOOP_ANALYSIS = YES;
				CLANG_WARN_STRICT_PROTOTYPES = YES;
				CLANG_WARN_SUSPICIOUS_MOVE = YES;
				CLANG_WARN_UNGUARDED_AVAILABILITY = YES_AGGRESSIVE;
				CLANG_WARN_UNREACHABLE_CODE = YES;
				CLANG_WARN__DUPLICATE_METHOD_MATCH = YES;
				CODE_SIGN_IDENTITY = "iPhone Developer";
				COPY_PHASE_STRIP = NO;
				DEBUG_INFORMATION_FORMAT = dwarf;
				ENABLE_STRICT_OBJC_MSGSEND = YES;
				ENABLE_TESTABILITY = YES;
				GCC_C_LANGUAGE_STANDARD = gnu11;
				GCC_DYNAMIC_NO_PIC = NO;
				GCC_NO_COMMON_BLOCKS = YES;
				GCC_OPTIMIZATION_LEVEL = 0;
				GCC_PREPROCESSOR_DEFINITIONS = (
					"DEBUG=1",
					"$(inherited)",
				);
				GCC_WARN_64_TO_32_BIT_CONVERSION = YES;
				GCC_WARN_ABOUT_RETURN_TYPE = YES_ERROR;
				GCC_WARN_UNDECLARED_SELECTOR = YES;
				GCC_WARN_UNINITIALIZED_AUTOS = YES_AGGRESSIVE;
				GCC_WARN_UNUSED_FUNCTION = YES;
				GCC_WARN_UNUSED_VARIABLE = YES;
				IPHONEOS_DEPLOYMENT_TARGET = 11.2;
				MTL_ENABLE_DEBUG_INFO = YES;
				ONLY_ACTIVE_ARCH = YES;
				SDKROOT = iphoneos;
				SWIFT_ACTIVE_COMPILATION_CONDITIONS = DEBUG;
				SWIFT_OPTIMIZATION_LEVEL = "-Onone";
			};
			name = Debug;
		};
		DB4F0D3F224E352700D51338 /* Release */ = {
			isa = XCBuildConfiguration;
			buildSettings = {
				ALWAYS_SEARCH_USER_PATHS = NO;
				CLANG_ANALYZER_NONNULL = YES;
				CLANG_ANALYZER_NUMBER_OBJECT_CONVERSION = YES_AGGRESSIVE;
				CLANG_CXX_LANGUAGE_STANDARD = "gnu++14";
				CLANG_CXX_LIBRARY = "libc++";
				CLANG_ENABLE_MODULES = YES;
				CLANG_ENABLE_OBJC_ARC = YES;
				CLANG_WARN_BLOCK_CAPTURE_AUTORELEASING = YES;
				CLANG_WARN_BOOL_CONVERSION = YES;
				CLANG_WARN_COMMA = YES;
				CLANG_WARN_CONSTANT_CONVERSION = YES;
				CLANG_WARN_DIRECT_OBJC_ISA_USAGE = YES_ERROR;
				CLANG_WARN_DOCUMENTATION_COMMENTS = YES;
				CLANG_WARN_EMPTY_BODY = YES;
				CLANG_WARN_ENUM_CONVERSION = YES;
				CLANG_WARN_INFINITE_RECURSION = YES;
				CLANG_WARN_INT_CONVERSION = YES;
				CLANG_WARN_NON_LITERAL_NULL_CONVERSION = YES;
				CLANG_WARN_OBJC_LITERAL_CONVERSION = YES;
				CLANG_WARN_OBJC_ROOT_CLASS = YES_ERROR;
				CLANG_WARN_RANGE_LOOP_ANALYSIS = YES;
				CLANG_WARN_STRICT_PROTOTYPES = YES;
				CLANG_WARN_SUSPICIOUS_MOVE = YES;
				CLANG_WARN_UNGUARDED_AVAILABILITY = YES_AGGRESSIVE;
				CLANG_WARN_UNREACHABLE_CODE = YES;
				CLANG_WARN__DUPLICATE_METHOD_MATCH = YES;
				CODE_SIGN_IDENTITY = "iPhone Developer";
				COPY_PHASE_STRIP = NO;
				DEBUG_INFORMATION_FORMAT = "dwarf-with-dsym";
				ENABLE_NS_ASSERTIONS = NO;
				ENABLE_STRICT_OBJC_MSGSEND = YES;
				GCC_C_LANGUAGE_STANDARD = gnu11;
				GCC_NO_COMMON_BLOCKS = YES;
				GCC_WARN_64_TO_32_BIT_CONVERSION = YES;
				GCC_WARN_ABOUT_RETURN_TYPE = YES_ERROR;
				GCC_WARN_UNDECLARED_SELECTOR = YES;
				GCC_WARN_UNINITIALIZED_AUTOS = YES_AGGRESSIVE;
				GCC_WARN_UNUSED_FUNCTION = YES;
				GCC_WARN_UNUSED_VARIABLE = YES;
				IPHONEOS_DEPLOYMENT_TARGET = 11.2;
				MTL_ENABLE_DEBUG_INFO = NO;
				SDKROOT = iphoneos;
				SWIFT_OPTIMIZATION_LEVEL = "-Owholemodule";
				VALIDATE_PRODUCT = YES;
			};
			name = Release;
		};
		DB4F0D41224E352700D51338 /* Debug */ = {
			isa = XCBuildConfiguration;
			baseConfigurationReference = 62E7DF8DEFCFD235B1249E5C /* Pods-siri.debug.xcconfig */;
			buildSettings = {
				ASSETCATALOG_COMPILER_APPICON_NAME = AppIcon;
				CODE_SIGN_STYLE = Automatic;
				INFOPLIST_FILE = siri/Info.plist;
				LD_RUNPATH_SEARCH_PATHS = "$(inherited) @executable_path/Frameworks";
				PRODUCT_BUNDLE_IDENTIFIER = "-2.siri";
				PRODUCT_NAME = "$(TARGET_NAME)";
				SWIFT_VERSION = 4.0;
				TARGETED_DEVICE_FAMILY = "1,2";
			};
			name = Debug;
		};
		DB4F0D42224E352700D51338 /* Release */ = {
			isa = XCBuildConfiguration;
			baseConfigurationReference = 7CB4460948CAA3DE5EBCDEF6 /* Pods-siri.release.xcconfig */;
			buildSettings = {
				ASSETCATALOG_COMPILER_APPICON_NAME = AppIcon;
				CODE_SIGN_STYLE = Automatic;
				INFOPLIST_FILE = siri/Info.plist;
				LD_RUNPATH_SEARCH_PATHS = "$(inherited) @executable_path/Frameworks";
				PRODUCT_BUNDLE_IDENTIFIER = "-2.siri";
				PRODUCT_NAME = "$(TARGET_NAME)";
				SWIFT_VERSION = 4.0;
				TARGETED_DEVICE_FAMILY = "1,2";
			};
			name = Release;
		};
/* End XCBuildConfiguration section */

/* Begin XCConfigurationList section */
		DB4F0D29224E352700D51338 /* Build configuration list for PBXProject "siri" */ = {
			isa = XCConfigurationList;
			buildConfigurations = (
				DB4F0D3E224E352700D51338 /* Debug */,
				DB4F0D3F224E352700D51338 /* Release */,
			);
			defaultConfigurationIsVisible = 0;
			defaultConfigurationName = Release;
		};
		DB4F0D40224E352700D51338 /* Build configuration list for PBXNativeTarget "siri" */ = {
			isa = XCConfigurationList;
			buildConfigurations = (
				DB4F0D41224E352700D51338 /* Debug */,
				DB4F0D42224E352700D51338 /* Release */,
			);
			defaultConfigurationIsVisible = 0;
			defaultConfigurationName = Release;
		};
/* End XCConfigurationList section */
	};
	rootObject = DB4F0D26224E352700D51338 /* Project object */;
}
