// !$*UTF8*$!
{
	archiveVersion = 1;
	classes = {
	};
	objectVersion = 48;
	objects = {

/* Begin PBXBuildFile section */
		59C96E9D2257BFA9009344BA /* AppDelegate.swift in Sources */ = {isa = PBXBuildFile; fileRef = 59C96E9C2257BFA9009344BA /* AppDelegate.swift */; };
		59C96E9F2257BFA9009344BA /* ViewController.swift in Sources */ = {isa = PBXBuildFile; fileRef = 59C96E9E2257BFA9009344BA /* ViewController.swift */; };
		59C96EA22257BFA9009344BA /* Main.storyboard in Resources */ = {isa = PBXBuildFile; fileRef = 59C96EA02257BFA9009344BA /* Main.storyboard */; };
		59C96EA42257BFA9009344BA /* Assets.xcassets in Resources */ = {isa = PBXBuildFile; fileRef = 59C96EA32257BFA9009344BA /* Assets.xcassets */; };
		59C96EA72257BFA9009344BA /* LaunchScreen.storyboard in Resources */ = {isa = PBXBuildFile; fileRef = 59C96EA52257BFA9009344BA /* LaunchScreen.storyboard */; };
		59C96EAF2257C1BE009344BA /* icons8-marqueur-filled-50.png in Resources */ = {isa = PBXBuildFile; fileRef = 59C96EAE2257C1BE009344BA /* icons8-marqueur-filled-50.png */; };
		59C96EB52257C77C009344BA /* LocationSearchTableViewController.swift in Sources */ = {isa = PBXBuildFile; fileRef = 59C96EB42257C77C009344BA /* LocationSearchTableViewController.swift */; };
		DBEDE6422259076D00E1CE0F /* ItinareryViewController.swift in Sources */ = {isa = PBXBuildFile; fileRef = DBEDE6412259076D00E1CE0F /* ItinareryViewController.swift */; };
		DBEDE644225935C700E1CE0F /* ItinarerySearchViewController.swift in Sources */ = {isa = PBXBuildFile; fileRef = DBEDE643225935C700E1CE0F /* ItinarerySearchViewController.swift */; };
/* End PBXBuildFile section */

/* Begin PBXFileReference section */
		59C96E992257BFA9009344BA /* SwifityMap.app */ = {isa = PBXFileReference; explicitFileType = wrapper.application; includeInIndex = 0; path = SwifityMap.app; sourceTree = BUILT_PRODUCTS_DIR; };
		59C96E9C2257BFA9009344BA /* AppDelegate.swift */ = {isa = PBXFileReference; lastKnownFileType = sourcecode.swift; path = AppDelegate.swift; sourceTree = "<group>"; };
		59C96E9E2257BFA9009344BA /* ViewController.swift */ = {isa = PBXFileReference; lastKnownFileType = sourcecode.swift; path = ViewController.swift; sourceTree = "<group>"; };
		59C96EA12257BFA9009344BA /* Base */ = {isa = PBXFileReference; lastKnownFileType = file.storyboard; name = Base; path = Base.lproj/Main.storyboard; sourceTree = "<group>"; };
		59C96EA32257BFA9009344BA /* Assets.xcassets */ = {isa = PBXFileReference; lastKnownFileType = folder.assetcatalog; path = Assets.xcassets; sourceTree = "<group>"; };
		59C96EA62257BFA9009344BA /* Base */ = {isa = PBXFileReference; lastKnownFileType = file.storyboard; name = Base; path = Base.lproj/LaunchScreen.storyboard; sourceTree = "<group>"; };
		59C96EA82257BFA9009344BA /* Info.plist */ = {isa = PBXFileReference; lastKnownFileType = text.plist.xml; path = Info.plist; sourceTree = "<group>"; };
		59C96EAE2257C1BE009344BA /* icons8-marqueur-filled-50.png */ = {isa = PBXFileReference; lastKnownFileType = image.png; path = "icons8-marqueur-filled-50.png"; sourceTree = "<group>"; };
		59C96EB42257C77C009344BA /* LocationSearchTableViewController.swift */ = {isa = PBXFileReference; lastKnownFileType = sourcecode.swift; path = LocationSearchTableViewController.swift; sourceTree = "<group>"; };
		DBEDE6412259076D00E1CE0F /* ItinareryViewController.swift */ = {isa = PBXFileReference; lastKnownFileType = sourcecode.swift; path = ItinareryViewController.swift; sourceTree = "<group>"; };
		DBEDE643225935C700E1CE0F /* ItinarerySearchViewController.swift */ = {isa = PBXFileReference; lastKnownFileType = sourcecode.swift; path = ItinarerySearchViewController.swift; sourceTree = "<group>"; };
/* End PBXFileReference section */

/* Begin PBXFrameworksBuildPhase section */
		59C96E962257BFA9009344BA /* Frameworks */ = {
			isa = PBXFrameworksBuildPhase;
			buildActionMask = 2147483647;
			files = (
			);
			runOnlyForDeploymentPostprocessing = 0;
		};
/* End PBXFrameworksBuildPhase section */

/* Begin PBXGroup section */
		59C96E902257BFA9009344BA = {
			isa = PBXGroup;
			children = (
				59C96E9B2257BFA9009344BA /* SwifityMap */,
				59C96E9A2257BFA9009344BA /* Products */,
			);
			sourceTree = "<group>";
		};
		59C96E9A2257BFA9009344BA /* Products */ = {
			isa = PBXGroup;
			children = (
				59C96E992257BFA9009344BA /* SwifityMap.app */,
			);
			name = Products;
			sourceTree = "<group>";
		};
		59C96E9B2257BFA9009344BA /* SwifityMap */ = {
			isa = PBXGroup;
			children = (
				59C96E9C2257BFA9009344BA /* AppDelegate.swift */,
				59C96EB32257C741009344BA /* Controllers */,
				59C96EA02257BFA9009344BA /* Main.storyboard */,
				59C96EA32257BFA9009344BA /* Assets.xcassets */,
				59C96EA52257BFA9009344BA /* LaunchScreen.storyboard */,
				59C96EA82257BFA9009344BA /* Info.plist */,
				59C96EB02257C1C2009344BA /* res */,
			);
			path = SwifityMap;
			sourceTree = "<group>";
		};
		59C96EB02257C1C2009344BA /* res */ = {
			isa = PBXGroup;
			children = (
				59C96EAE2257C1BE009344BA /* icons8-marqueur-filled-50.png */,
			);
			path = res;
			sourceTree = "<group>";
		};
		59C96EB32257C741009344BA /* Controllers */ = {
			isa = PBXGroup;
			children = (
				DBEDE6412259076D00E1CE0F /* ItinareryViewController.swift */,
				59C96E9E2257BFA9009344BA /* ViewController.swift */,
				59C96EB42257C77C009344BA /* LocationSearchTableViewController.swift */,
				DBEDE643225935C700E1CE0F /* ItinarerySearchViewController.swift */,
			);
			path = Controllers;
			sourceTree = "<group>";
		};
/* End PBXGroup section */

/* Begin PBXNativeTarget section */
		59C96E982257BFA9009344BA /* SwifityMap */ = {
			isa = PBXNativeTarget;
			buildConfigurationList = 59C96EAB2257BFA9009344BA /* Build configuration list for PBXNativeTarget "SwifityMap" */;
			buildPhases = (
				59C96E952257BFA9009344BA /* Sources */,
				59C96E962257BFA9009344BA /* Frameworks */,
				59C96E972257BFA9009344BA /* Resources */,
			);
			buildRules = (
			);
			dependencies = (
			);
			name = SwifityMap;
			productName = SwifityMap;
			productReference = 59C96E992257BFA9009344BA /* SwifityMap.app */;
			productType = "com.apple.product-type.application";
		};
/* End PBXNativeTarget section */

/* Begin PBXProject section */
		59C96E912257BFA9009344BA /* Project object */ = {
			isa = PBXProject;
			attributes = {
				LastSwiftUpdateCheck = 0920;
				LastUpgradeCheck = 0920;
				ORGANIZATIONNAME = "Felicien RENAUD";
				TargetAttributes = {
					59C96E982257BFA9009344BA = {
						CreatedOnToolsVersion = 9.2;
						ProvisioningStyle = Automatic;
					};
				};
			};
			buildConfigurationList = 59C96E942257BFA9009344BA /* Build configuration list for PBXProject "SwifityMap" */;
			compatibilityVersion = "Xcode 8.0";
			developmentRegion = en;
			hasScannedForEncodings = 0;
			knownRegions = (
				en,
				Base,
			);
			mainGroup = 59C96E902257BFA9009344BA;
			productRefGroup = 59C96E9A2257BFA9009344BA /* Products */;
			projectDirPath = "";
			projectRoot = "";
			targets = (
				59C96E982257BFA9009344BA /* SwifityMap */,
			);
		};
/* End PBXProject section */

/* Begin PBXResourcesBuildPhase section */
		59C96E972257BFA9009344BA /* Resources */ = {
			isa = PBXResourcesBuildPhase;
			buildActionMask = 2147483647;
			files = (
				59C96EA72257BFA9009344BA /* LaunchScreen.storyboard in Resources */,
				59C96EA42257BFA9009344BA /* Assets.xcassets in Resources */,
				59C96EAF2257C1BE009344BA /* icons8-marqueur-filled-50.png in Resources */,
				59C96EA22257BFA9009344BA /* Main.storyboard in Resources */,
			);
			runOnlyForDeploymentPostprocessing = 0;
		};
/* End PBXResourcesBuildPhase section */

/* Begin PBXSourcesBuildPhase section */
		59C96E952257BFA9009344BA /* Sources */ = {
			isa = PBXSourcesBuildPhase;
			buildActionMask = 2147483647;
			files = (
				59C96E9F2257BFA9009344BA /* ViewController.swift in Sources */,
				59C96EB52257C77C009344BA /* LocationSearchTableViewController.swift in Sources */,
				DBEDE644225935C700E1CE0F /* ItinarerySearchViewController.swift in Sources */,
				DBEDE6422259076D00E1CE0F /* ItinareryViewController.swift in Sources */,
				59C96E9D2257BFA9009344BA /* AppDelegate.swift in Sources */,
			);
			runOnlyForDeploymentPostprocessing = 0;
		};
/* End PBXSourcesBuildPhase section */

/* Begin PBXVariantGroup section */
		59C96EA02257BFA9009344BA /* Main.storyboard */ = {
			isa = PBXVariantGroup;
			children = (
				59C96EA12257BFA9009344BA /* Base */,
			);
			name = Main.storyboard;
			sourceTree = "<group>";
		};
		59C96EA52257BFA9009344BA /* LaunchScreen.storyboard */ = {
			isa = PBXVariantGroup;
			children = (
				59C96EA62257BFA9009344BA /* Base */,
			);
			name = LaunchScreen.storyboard;
			sourceTree = "<group>";
		};
/* End PBXVariantGroup section */

/* Begin XCBuildConfiguration section */
		59C96EA92257BFA9009344BA /* Debug */ = {
			isa = XCBuildConfiguration;
			buildSettings = {
				ALWAYS_SEARCH_USER_PATHS = NO;
				CLANG_ANALYZER_NONNULL = YES;
				CLANG_ANALYZER_NUMBER_OBJECT_CONVERSION = YES_AGGRESSIVE;
				CLANG_CXX_LANGUAGE_STANDARD = "gnu++14";
				CLANG_CXX_LIBRARY = "libc++";
				CLANG_ENABLE_MODULES = YES;
				CLANG_ENABLE_OBJC_ARC = YES;
				CLANG_WARN_BLOCK_CAPTURE_AUTORELEASING = YES;
				CLANG_WARN_BOOL_CONVERSION = YES;
				CLANG_WARN_COMMA = YES;
				CLANG_WARN_CONSTANT_CONVERSION = YES;
				CLANG_WARN_DIRECT_OBJC_ISA_USAGE = YES_ERROR;
				CLANG_WARN_DOCUMENTATION_COMMENTS = YES;
				CLANG_WARN_EMPTY_BODY = YES;
				CLANG_WARN_ENUM_CONVERSION = YES;
				CLANG_WARN_INFINITE_RECURSION = YES;
				CLANG_WARN_INT_CONVERSION = YES;
				CLANG_WARN_NON_LITERAL_NULL_CONVERSION = YES;
				CLANG_WARN_OBJC_LITERAL_CONVERSION = YES;
				CLANG_WARN_OBJC_ROOT_CLASS = YES_ERROR;
				CLANG_WARN_RANGE_LOOP_ANALYSIS = YES;
				CLANG_WARN_STRICT_PROTOTYPES = YES;
				CLANG_WARN_SUSPICIOUS_MOVE = YES;
				CLANG_WARN_UNGUARDED_AVAILABILITY = YES_AGGRESSIVE;
				CLANG_WARN_UNREACHABLE_CODE = YES;
				CLANG_WARN__DUPLICATE_METHOD_MATCH = YES;
				CODE_SIGN_IDENTITY = "iPhone Developer";
				COPY_PHASE_STRIP = NO;
				DEBUG_INFORMATION_FORMAT = dwarf;
				ENABLE_STRICT_OBJC_MSGSEND = YES;
				ENABLE_TESTABILITY = YES;
				GCC_C_LANGUAGE_STANDARD = gnu11;
				GCC_DYNAMIC_NO_PIC = NO;
				GCC_NO_COMMON_BLOCKS = YES;
				GCC_OPTIMIZATION_LEVEL = 0;
				GCC_PREPROCESSOR_DEFINITIONS = (
					"DEBUG=1",
					"$(inherited)",
				);
				GCC_WARN_64_TO_32_BIT_CONVERSION = YES;
				GCC_WARN_ABOUT_RETURN_TYPE = YES_ERROR;
				GCC_WARN_UNDECLARED_SELECTOR = YES;
				GCC_WARN_UNINITIALIZED_AUTOS = YES_AGGRESSIVE;
				GCC_WARN_UNUSED_FUNCTION = YES;
				GCC_WARN_UNUSED_VARIABLE = YES;
				IPHONEOS_DEPLOYMENT_TARGET = 11.2;
				MTL_ENABLE_DEBUG_INFO = YES;
				ONLY_ACTIVE_ARCH = YES;
				SDKROOT = iphoneos;
				SWIFT_ACTIVE_COMPILATION_CONDITIONS = DEBUG;
				SWIFT_OPTIMIZATION_LEVEL = "-Onone";
			};
			name = Debug;
		};
		59C96EAA2257BFA9009344BA /* Release */ = {
			isa = XCBuildConfiguration;
			buildSettings = {
				ALWAYS_SEARCH_USER_PATHS = NO;
				CLANG_ANALYZER_NONNULL = YES;
				CLANG_ANALYZER_NUMBER_OBJECT_CONVERSION = YES_AGGRESSIVE;
				CLANG_CXX_LANGUAGE_STANDARD = "gnu++14";
				CLANG_CXX_LIBRARY = "libc++";
				CLANG_ENABLE_MODULES = YES;
				CLANG_ENABLE_OBJC_ARC = YES;
				CLANG_WARN_BLOCK_CAPTURE_AUTORELEASING = YES;
				CLANG_WARN_BOOL_CONVERSION = YES;
				CLANG_WARN_COMMA = YES;
				CLANG_WARN_CONSTANT_CONVERSION = YES;
				CLANG_WARN_DIRECT_OBJC_ISA_USAGE = YES_ERROR;
				CLANG_WARN_DOCUMENTATION_COMMENTS = YES;
				CLANG_WARN_EMPTY_BODY = YES;
				CLANG_WARN_ENUM_CONVERSION = YES;
				CLANG_WARN_INFINITE_RECURSION = YES;
				CLANG_WARN_INT_CONVERSION = YES;
				CLANG_WARN_NON_LITERAL_NULL_CONVERSION = YES;
				CLANG_WARN_OBJC_LITERAL_CONVERSION = YES;
				CLANG_WARN_OBJC_ROOT_CLASS = YES_ERROR;
				CLANG_WARN_RANGE_LOOP_ANALYSIS = YES;
				CLANG_WARN_STRICT_PROTOTYPES = YES;
				CLANG_WARN_SUSPICIOUS_MOVE = YES;
				CLANG_WARN_UNGUARDED_AVAILABILITY = YES_AGGRESSIVE;
				CLANG_WARN_UNREACHABLE_CODE = YES;
				CLANG_WARN__DUPLICATE_METHOD_MATCH = YES;
				CODE_SIGN_IDENTITY = "iPhone Developer";
				COPY_PHASE_STRIP = NO;
				DEBUG_INFORMATION_FORMAT = "dwarf-with-dsym";
				ENABLE_NS_ASSERTIONS = NO;
				ENABLE_STRICT_OBJC_MSGSEND = YES;
				GCC_C_LANGUAGE_STANDARD = gnu11;
				GCC_NO_COMMON_BLOCKS = YES;
				GCC_WARN_64_TO_32_BIT_CONVERSION = YES;
				GCC_WARN_ABOUT_RETURN_TYPE = YES_ERROR;
				GCC_WARN_UNDECLARED_SELECTOR = YES;
				GCC_WARN_UNINITIALIZED_AUTOS = YES_AGGRESSIVE;
				GCC_WARN_UNUSED_FUNCTION = YES;
				GCC_WARN_UNUSED_VARIABLE = YES;
				IPHONEOS_DEPLOYMENT_TARGET = 11.2;
				MTL_ENABLE_DEBUG_INFO = NO;
				SDKROOT = iphoneos;
				SWIFT_OPTIMIZATION_LEVEL = "-Owholemodule";
				VALIDATE_PRODUCT = YES;
			};
			name = Release;
		};
		59C96EAC2257BFA9009344BA /* Debug */ = {
			isa = XCBuildConfiguration;
			buildSettings = {
				ASSETCATALOG_COMPILER_APPICON_NAME = AppIcon;
				CODE_SIGN_STYLE = Automatic;
				INFOPLIST_FILE = SwifityMap/Info.plist;
				LD_RUNPATH_SEARCH_PATHS = "$(inherited) @executable_path/Frameworks";
				PRODUCT_BUNDLE_IDENTIFIER = com.frenaud.SwifityMap;
				PRODUCT_NAME = "$(TARGET_NAME)";
				SWIFT_VERSION = 4.0;
				TARGETED_DEVICE_FAMILY = "1,2";
			};
			name = Debug;
		};
		59C96EAD2257BFA9009344BA /* Release */ = {
			isa = XCBuildConfiguration;
			buildSettings = {
				ASSETCATALOG_COMPILER_APPICON_NAME = AppIcon;
				CODE_SIGN_STYLE = Automatic;
				INFOPLIST_FILE = SwifityMap/Info.plist;
				LD_RUNPATH_SEARCH_PATHS = "$(inherited) @executable_path/Frameworks";
				PRODUCT_BUNDLE_IDENTIFIER = com.frenaud.SwifityMap;
				PRODUCT_NAME = "$(TARGET_NAME)";
				SWIFT_VERSION = 4.0;
				TARGETED_DEVICE_FAMILY = "1,2";
			};
			name = Release;
		};
/* End XCBuildConfiguration section */

/* Begin XCConfigurationList section */
		59C96E942257BFA9009344BA /* Build configuration list for PBXProject "SwifityMap" */ = {
			isa = XCConfigurationList;
			buildConfigurations = (
				59C96EA92257BFA9009344BA /* Debug */,
				59C96EAA2257BFA9009344BA /* Release */,
			);
			defaultConfigurationIsVisible = 0;
			defaultConfigurationName = Release;
		};
		59C96EAB2257BFA9009344BA /* Build configuration list for PBXNativeTarget "SwifityMap" */ = {
			isa = XCConfigurationList;
			buildConfigurations = (
				59C96EAC2257BFA9009344BA /* Debug */,
				59C96EAD2257BFA9009344BA /* Release */,
			);
			defaultConfigurationIsVisible = 0;
			defaultConfigurationName = Release;
		};
/* End XCConfigurationList section */
	};
	rootObject = 59C96E912257BFA9009344BA /* Project object */;
}
