// !$*UTF8*$!
{
	archiveVersion = 1;
	classes = {
	};
	objectVersion = 48;
	objects = {

/* Begin PBXBuildFile section */
		DBC557FB22552CFA00ADB44D /* AppDelegate.swift in Sources */ = {isa = PBXBuildFile; fileRef = DBC557FA22552CFA00ADB44D /* AppDelegate.swift */; };
		DBC557FD22552CFA00ADB44D /* ViewController.swift in Sources */ = {isa = PBXBuildFile; fileRef = DBC557FC22552CFA00ADB44D /* ViewController.swift */; };
		DBC5580022552CFA00ADB44D /* Main.storyboard in Resources */ = {isa = PBXBuildFile; fileRef = DBC557FE22552CFA00ADB44D /* Main.storyboard */; };
		DBC5580322552CFA00ADB44D /* testCoreData.xcdatamodeld in Sources */ = {isa = PBXBuildFile; fileRef = DBC5580122552CFA00ADB44D /* testCoreData.xcdatamodeld */; };
		DBC5580522552CFA00ADB44D /* Assets.xcassets in Resources */ = {isa = PBXBuildFile; fileRef = DBC5580422552CFA00ADB44D /* Assets.xcassets */; };
		DBC5580822552CFA00ADB44D /* LaunchScreen.storyboard in Resources */ = {isa = PBXBuildFile; fileRef = DBC5580622552CFA00ADB44D /* LaunchScreen.storyboard */; };
/* End PBXBuildFile section */

/* Begin PBXFileReference section */
		DBC557F722552CFA00ADB44D /* testCoreData.app */ = {isa = PBXFileReference; explicitFileType = wrapper.application; includeInIndex = 0; path = testCoreData.app; sourceTree = BUILT_PRODUCTS_DIR; };
		DBC557FA22552CFA00ADB44D /* AppDelegate.swift */ = {isa = PBXFileReference; lastKnownFileType = sourcecode.swift; path = AppDelegate.swift; sourceTree = "<group>"; };
		DBC557FC22552CFA00ADB44D /* ViewController.swift */ = {isa = PBXFileReference; lastKnownFileType = sourcecode.swift; path = ViewController.swift; sourceTree = "<group>"; };
		DBC557FF22552CFA00ADB44D /* Base */ = {isa = PBXFileReference; lastKnownFileType = file.storyboard; name = Base; path = Base.lproj/Main.storyboard; sourceTree = "<group>"; };
		DBC5580222552CFA00ADB44D /* testCoreData.xcdatamodel */ = {isa = PBXFileReference; lastKnownFileType = wrapper.xcdatamodel; path = testCoreData.xcdatamodel; sourceTree = "<group>"; };
		DBC5580422552CFA00ADB44D /* Assets.xcassets */ = {isa = PBXFileReference; lastKnownFileType = folder.assetcatalog; path = Assets.xcassets; sourceTree = "<group>"; };
		DBC5580722552CFA00ADB44D /* Base */ = {isa = PBXFileReference; lastKnownFileType = file.storyboard; name = Base; path = Base.lproj/LaunchScreen.storyboard; sourceTree = "<group>"; };
		DBC5580922552CFA00ADB44D /* Info.plist */ = {isa = PBXFileReference; lastKnownFileType = text.plist.xml; path = Info.plist; sourceTree = "<group>"; };
/* End PBXFileReference section */

/* Begin PBXFrameworksBuildPhase section */
		DBC557F422552CFA00ADB44D /* Frameworks */ = {
			isa = PBXFrameworksBuildPhase;
			buildActionMask = 2147483647;
			files = (
			);
			runOnlyForDeploymentPostprocessing = 0;
		};
/* End PBXFrameworksBuildPhase section */

/* Begin PBXGroup section */
		DBC557EE22552CFA00ADB44D = {
			isa = PBXGroup;
			children = (
				DBC557F922552CFA00ADB44D /* testCoreData */,
				DBC557F822552CFA00ADB44D /* Products */,
			);
			sourceTree = "<group>";
		};
		DBC557F822552CFA00ADB44D /* Products */ = {
			isa = PBXGroup;
			children = (
				DBC557F722552CFA00ADB44D /* testCoreData.app */,
			);
			name = Products;
			sourceTree = "<group>";
		};
		DBC557F922552CFA00ADB44D /* testCoreData */ = {
			isa = PBXGroup;
			children = (
				DBC557FA22552CFA00ADB44D /* AppDelegate.swift */,
				DBC557FC22552CFA00ADB44D /* ViewController.swift */,
				DBC557FE22552CFA00ADB44D /* Main.storyboard */,
				DBC5580422552CFA00ADB44D /* Assets.xcassets */,
				DBC5580622552CFA00ADB44D /* LaunchScreen.storyboard */,
				DBC5580922552CFA00ADB44D /* Info.plist */,
				DBC5580122552CFA00ADB44D /* testCoreData.xcdatamodeld */,
			);
			path = testCoreData;
			sourceTree = "<group>";
		};
/* End PBXGroup section */

/* Begin PBXNativeTarget section */
		DBC557F622552CFA00ADB44D /* testCoreData */ = {
			isa = PBXNativeTarget;
			buildConfigurationList = DBC5580C22552CFA00ADB44D /* Build configuration list for PBXNativeTarget "testCoreData" */;
			buildPhases = (
				DBC557F322552CFA00ADB44D /* Sources */,
				DBC557F422552CFA00ADB44D /* Frameworks */,
				DBC557F522552CFA00ADB44D /* Resources */,
			);
			buildRules = (
			);
			dependencies = (
			);
			name = testCoreData;
			productName = testCoreData;
			productReference = DBC557F722552CFA00ADB44D /* testCoreData.app */;
			productType = "com.apple.product-type.application";
		};
/* End PBXNativeTarget section */

/* Begin PBXProject section */
		DBC557EF22552CFA00ADB44D /* Project object */ = {
			isa = PBXProject;
			attributes = {
				LastSwiftUpdateCheck = 0920;
				LastUpgradeCheck = 0920;
				ORGANIZATIONNAME = "Clementine URQUIZAR";
				TargetAttributes = {
					DBC557F622552CFA00ADB44D = {
						CreatedOnToolsVersion = 9.2;
						ProvisioningStyle = Automatic;
					};
				};
			};
			buildConfigurationList = DBC557F222552CFA00ADB44D /* Build configuration list for PBXProject "testCoreData" */;
			compatibilityVersion = "Xcode 8.0";
			developmentRegion = en;
			hasScannedForEncodings = 0;
			knownRegions = (
				en,
				Base,
			);
			mainGroup = DBC557EE22552CFA00ADB44D;
			productRefGroup = DBC557F822552CFA00ADB44D /* Products */;
			projectDirPath = "";
			projectRoot = "";
			targets = (
				DBC557F622552CFA00ADB44D /* testCoreData */,
			);
		};
/* End PBXProject section */

/* Begin PBXResourcesBuildPhase section */
		DBC557F522552CFA00ADB44D /* Resources */ = {
			isa = PBXResourcesBuildPhase;
			buildActionMask = 2147483647;
			files = (
				DBC5580822552CFA00ADB44D /* LaunchScreen.storyboard in Resources */,
				DBC5580522552CFA00ADB44D /* Assets.xcassets in Resources */,
				DBC5580022552CFA00ADB44D /* Main.storyboard in Resources */,
			);
			runOnlyForDeploymentPostprocessing = 0;
		};
/* End PBXResourcesBuildPhase section */

/* Begin PBXSourcesBuildPhase section */
		DBC557F322552CFA00ADB44D /* Sources */ = {
			isa = PBXSourcesBuildPhase;
			buildActionMask = 2147483647;
			files = (
				DBC5580322552CFA00ADB44D /* testCoreData.xcdatamodeld in Sources */,
				DBC557FD22552CFA00ADB44D /* ViewController.swift in Sources */,
				DBC557FB22552CFA00ADB44D /* AppDelegate.swift in Sources */,
			);
			runOnlyForDeploymentPostprocessing = 0;
		};
/* End PBXSourcesBuildPhase section */

/* Begin PBXVariantGroup section */
		DBC557FE22552CFA00ADB44D /* Main.storyboard */ = {
			isa = PBXVariantGroup;
			children = (
				DBC557FF22552CFA00ADB44D /* Base */,
			);
			name = Main.storyboard;
			sourceTree = "<group>";
		};
		DBC5580622552CFA00ADB44D /* LaunchScreen.storyboard */ = {
			isa = PBXVariantGroup;
			children = (
				DBC5580722552CFA00ADB44D /* Base */,
			);
			name = LaunchScreen.storyboard;
			sourceTree = "<group>";
		};
/* End PBXVariantGroup section */

/* Begin XCBuildConfiguration section */
		DBC5580A22552CFA00ADB44D /* Debug */ = {
			isa = XCBuildConfiguration;
			buildSettings = {
				ALWAYS_SEARCH_USER_PATHS = NO;
				CLANG_ANALYZER_NONNULL = YES;
				CLANG_ANALYZER_NUMBER_OBJECT_CONVERSION = YES_AGGRESSIVE;
				CLANG_CXX_LANGUAGE_STANDARD = "gnu++14";
				CLANG_CXX_LIBRARY = "libc++";
				CLANG_ENABLE_MODULES = YES;
				CLANG_ENABLE_OBJC_ARC = YES;
				CLANG_WARN_BLOCK_CAPTURE_AUTORELEASING = YES;
				CLANG_WARN_BOOL_CONVERSION = YES;
				CLANG_WARN_COMMA = YES;
				CLANG_WARN_CONSTANT_CONVERSION = YES;
				CLANG_WARN_DIRECT_OBJC_ISA_USAGE = YES_ERROR;
				CLANG_WARN_DOCUMENTATION_COMMENTS = YES;
				CLANG_WARN_EMPTY_BODY = YES;
				CLANG_WARN_ENUM_CONVERSION = YES;
				CLANG_WARN_INFINITE_RECURSION = YES;
				CLANG_WARN_INT_CONVERSION = YES;
				CLANG_WARN_NON_LITERAL_NULL_CONVERSION = YES;
				CLANG_WARN_OBJC_LITERAL_CONVERSION = YES;
				CLANG_WARN_OBJC_ROOT_CLASS = YES_ERROR;
				CLANG_WARN_RANGE_LOOP_ANALYSIS = YES;
				CLANG_WARN_STRICT_PROTOTYPES = YES;
				CLANG_WARN_SUSPICIOUS_MOVE = YES;
				CLANG_WARN_UNGUARDED_AVAILABILITY = YES_AGGRESSIVE;
				CLANG_WARN_UNREACHABLE_CODE = YES;
				CLANG_WARN__DUPLICATE_METHOD_MATCH = YES;
				CODE_SIGN_IDENTITY = "iPhone Developer";
				COPY_PHASE_STRIP = NO;
				DEBUG_INFORMATION_FORMAT = dwarf;
				ENABLE_STRICT_OBJC_MSGSEND = YES;
				ENABLE_TESTABILITY = YES;
				GCC_C_LANGUAGE_STANDARD = gnu11;
				GCC_DYNAMIC_NO_PIC = NO;
				GCC_NO_COMMON_BLOCKS = YES;
				GCC_OPTIMIZATION_LEVEL = 0;
				GCC_PREPROCESSOR_DEFINITIONS = (
					"DEBUG=1",
					"$(inherited)",
				);
				GCC_WARN_64_TO_32_BIT_CONVERSION = YES;
				GCC_WARN_ABOUT_RETURN_TYPE = YES_ERROR;
				GCC_WARN_UNDECLARED_SELECTOR = YES;
				GCC_WARN_UNINITIALIZED_AUTOS = YES_AGGRESSIVE;
				GCC_WARN_UNUSED_FUNCTION = YES;
				GCC_WARN_UNUSED_VARIABLE = YES;
				IPHONEOS_DEPLOYMENT_TARGET = 11.2;
				MTL_ENABLE_DEBUG_INFO = YES;
				ONLY_ACTIVE_ARCH = YES;
				SDKROOT = iphoneos;
				SWIFT_ACTIVE_COMPILATION_CONDITIONS = DEBUG;
				SWIFT_OPTIMIZATION_LEVEL = "-Onone";
			};
			name = Debug;
		};
		DBC5580B22552CFA00ADB44D /* Release */ = {
			isa = XCBuildConfiguration;
			buildSettings = {
				ALWAYS_SEARCH_USER_PATHS = NO;
				CLANG_ANALYZER_NONNULL = YES;
				CLANG_ANALYZER_NUMBER_OBJECT_CONVERSION = YES_AGGRESSIVE;
				CLANG_CXX_LANGUAGE_STANDARD = "gnu++14";
				CLANG_CXX_LIBRARY = "libc++";
				CLANG_ENABLE_MODULES = YES;
				CLANG_ENABLE_OBJC_ARC = YES;
				CLANG_WARN_BLOCK_CAPTURE_AUTORELEASING = YES;
				CLANG_WARN_BOOL_CONVERSION = YES;
				CLANG_WARN_COMMA = YES;
				CLANG_WARN_CONSTANT_CONVERSION = YES;
				CLANG_WARN_DIRECT_OBJC_ISA_USAGE = YES_ERROR;
				CLANG_WARN_DOCUMENTATION_COMMENTS = YES;
				CLANG_WARN_EMPTY_BODY = YES;
				CLANG_WARN_ENUM_CONVERSION = YES;
				CLANG_WARN_INFINITE_RECURSION = YES;
				CLANG_WARN_INT_CONVERSION = YES;
				CLANG_WARN_NON_LITERAL_NULL_CONVERSION = YES;
				CLANG_WARN_OBJC_LITERAL_CONVERSION = YES;
				CLANG_WARN_OBJC_ROOT_CLASS = YES_ERROR;
				CLANG_WARN_RANGE_LOOP_ANALYSIS = YES;
				CLANG_WARN_STRICT_PROTOTYPES = YES;
				CLANG_WARN_SUSPICIOUS_MOVE = YES;
				CLANG_WARN_UNGUARDED_AVAILABILITY = YES_AGGRESSIVE;
				CLANG_WARN_UNREACHABLE_CODE = YES;
				CLANG_WARN__DUPLICATE_METHOD_MATCH = YES;
				CODE_SIGN_IDENTITY = "iPhone Developer";
				COPY_PHASE_STRIP = NO;
				DEBUG_INFORMATION_FORMAT = "dwarf-with-dsym";
				ENABLE_NS_ASSERTIONS = NO;
				ENABLE_STRICT_OBJC_MSGSEND = YES;
				GCC_C_LANGUAGE_STANDARD = gnu11;
				GCC_NO_COMMON_BLOCKS = YES;
				GCC_WARN_64_TO_32_BIT_CONVERSION = YES;
				GCC_WARN_ABOUT_RETURN_TYPE = YES_ERROR;
				GCC_WARN_UNDECLARED_SELECTOR = YES;
				GCC_WARN_UNINITIALIZED_AUTOS = YES_AGGRESSIVE;
				GCC_WARN_UNUSED_FUNCTION = YES;
				GCC_WARN_UNUSED_VARIABLE = YES;
				IPHONEOS_DEPLOYMENT_TARGET = 11.2;
				MTL_ENABLE_DEBUG_INFO = NO;
				SDKROOT = iphoneos;
				SWIFT_OPTIMIZATION_LEVEL = "-Owholemodule";
				VALIDATE_PRODUCT = YES;
			};
			name = Release;
		};
		DBC5580D22552CFA00ADB44D /* Debug */ = {
			isa = XCBuildConfiguration;
			buildSettings = {
				ASSETCATALOG_COMPILER_APPICON_NAME = AppIcon;
				CODE_SIGN_STYLE = Automatic;
				INFOPLIST_FILE = testCoreData/Info.plist;
				LD_RUNPATH_SEARCH_PATHS = "$(inherited) @executable_path/Frameworks";
				PRODUCT_BUNDLE_IDENTIFIER = "-2.testCoreData";
				PRODUCT_NAME = "$(TARGET_NAME)";
				SWIFT_VERSION = 4.0;
				TARGETED_DEVICE_FAMILY = "1,2";
			};
			name = Debug;
		};
		DBC5580E22552CFA00ADB44D /* Release */ = {
			isa = XCBuildConfiguration;
			buildSettings = {
				ASSETCATALOG_COMPILER_APPICON_NAME = AppIcon;
				CODE_SIGN_STYLE = Automatic;
				INFOPLIST_FILE = testCoreData/Info.plist;
				LD_RUNPATH_SEARCH_PATHS = "$(inherited) @executable_path/Frameworks";
				PRODUCT_BUNDLE_IDENTIFIER = "-2.testCoreData";
				PRODUCT_NAME = "$(TARGET_NAME)";
				SWIFT_VERSION = 4.0;
				TARGETED_DEVICE_FAMILY = "1,2";
			};
			name = Release;
		};
/* End XCBuildConfiguration section */

/* Begin XCConfigurationList section */
		DBC557F222552CFA00ADB44D /* Build configuration list for PBXProject "testCoreData" */ = {
			isa = XCConfigurationList;
			buildConfigurations = (
				DBC5580A22552CFA00ADB44D /* Debug */,
				DBC5580B22552CFA00ADB44D /* Release */,
			);
			defaultConfigurationIsVisible = 0;
			defaultConfigurationName = Release;
		};
		DBC5580C22552CFA00ADB44D /* Build configuration list for PBXNativeTarget "testCoreData" */ = {
			isa = XCConfigurationList;
			buildConfigurations = (
				DBC5580D22552CFA00ADB44D /* Debug */,
				DBC5580E22552CFA00ADB44D /* Release */,
			);
			defaultConfigurationIsVisible = 0;
			defaultConfigurationName = Release;
		};
/* End XCConfigurationList section */

/* Begin XCVersionGroup section */
		DBC5580122552CFA00ADB44D /* testCoreData.xcdatamodeld */ = {
			isa = XCVersionGroup;
			children = (
				DBC5580222552CFA00ADB44D /* testCoreData.xcdatamodel */,
			);
			currentVersion = DBC5580222552CFA00ADB44D /* testCoreData.xcdatamodel */;
			path = testCoreData.xcdatamodeld;
			sourceTree = "<group>";
			versionGroupType = wrapper.xcdatamodel;
		};
/* End XCVersionGroup section */
	};
	rootObject = DBC557EF22552CFA00ADB44D /* Project object */;
}
