// !$*UTF8*$!
{
	archiveVersion = 1;
	classes = {
	};
	objectVersion = 48;
	objects = {

/* Begin PBXBuildFile section */
		DB097A5B2232D88F009A157F /* AddNoteViewController.swift in Sources */ = {isa = PBXBuildFile; fileRef = DB097A5A2232D88F009A157F /* AddNoteViewController.swift */; };
		DB197CCF2232B4660047C656 /* AppDelegate.swift in Sources */ = {isa = PBXBuildFile; fileRef = DB197CCE2232B4660047C656 /* AppDelegate.swift */; };
		DB197CD12232B4660047C656 /* ViewController.swift in Sources */ = {isa = PBXBuildFile; fileRef = DB197CD02232B4660047C656 /* ViewController.swift */; };
		DB197CD42232B4660047C656 /* Main.storyboard in Resources */ = {isa = PBXBuildFile; fileRef = DB197CD22232B4660047C656 /* Main.storyboard */; };
		DB197CD62232B4660047C656 /* Assets.xcassets in Resources */ = {isa = PBXBuildFile; fileRef = DB197CD52232B4660047C656 /* Assets.xcassets */; };
		DB197CD92232B4660047C656 /* LaunchScreen.storyboard in Resources */ = {isa = PBXBuildFile; fileRef = DB197CD72232B4660047C656 /* LaunchScreen.storyboard */; };
		DB197CE12232B5780047C656 /* Model.swift in Sources */ = {isa = PBXBuildFile; fileRef = DB197CE02232B5780047C656 /* Model.swift */; };
		DB9058432233F910000B5675 /* DeathNoteTableViewCell.swift in Sources */ = {isa = PBXBuildFile; fileRef = DB9058422233F910000B5675 /* DeathNoteTableViewCell.swift */; };
/* End PBXBuildFile section */

/* Begin PBXFileReference section */
		DB097A5A2232D88F009A157F /* AddNoteViewController.swift */ = {isa = PBXFileReference; lastKnownFileType = sourcecode.swift; path = AddNoteViewController.swift; sourceTree = "<group>"; };
		DB197CCB2232B4660047C656 /* death-note.app */ = {isa = PBXFileReference; explicitFileType = wrapper.application; includeInIndex = 0; path = "death-note.app"; sourceTree = BUILT_PRODUCTS_DIR; };
		DB197CCE2232B4660047C656 /* AppDelegate.swift */ = {isa = PBXFileReference; lastKnownFileType = sourcecode.swift; path = AppDelegate.swift; sourceTree = "<group>"; };
		DB197CD02232B4660047C656 /* ViewController.swift */ = {isa = PBXFileReference; lastKnownFileType = sourcecode.swift; path = ViewController.swift; sourceTree = "<group>"; };
		DB197CD32232B4660047C656 /* Base */ = {isa = PBXFileReference; lastKnownFileType = file.storyboard; name = Base; path = Base.lproj/Main.storyboard; sourceTree = "<group>"; };
		DB197CD52232B4660047C656 /* Assets.xcassets */ = {isa = PBXFileReference; lastKnownFileType = folder.assetcatalog; path = Assets.xcassets; sourceTree = "<group>"; };
		DB197CD82232B4660047C656 /* Base */ = {isa = PBXFileReference; lastKnownFileType = file.storyboard; name = Base; path = Base.lproj/LaunchScreen.storyboard; sourceTree = "<group>"; };
		DB197CDA2232B4660047C656 /* Info.plist */ = {isa = PBXFileReference; lastKnownFileType = text.plist.xml; path = Info.plist; sourceTree = "<group>"; };
		DB197CE02232B5780047C656 /* Model.swift */ = {isa = PBXFileReference; lastKnownFileType = sourcecode.swift; path = Model.swift; sourceTree = "<group>"; };
		DB9058422233F910000B5675 /* DeathNoteTableViewCell.swift */ = {isa = PBXFileReference; lastKnownFileType = sourcecode.swift; path = DeathNoteTableViewCell.swift; sourceTree = "<group>"; };
/* End PBXFileReference section */

/* Begin PBXFrameworksBuildPhase section */
		DB197CC82232B4660047C656 /* Frameworks */ = {
			isa = PBXFrameworksBuildPhase;
			buildActionMask = 2147483647;
			files = (
			);
			runOnlyForDeploymentPostprocessing = 0;
		};
/* End PBXFrameworksBuildPhase section */

/* Begin PBXGroup section */
		DB197CC22232B4660047C656 = {
			isa = PBXGroup;
			children = (
				DB197CCD2232B4660047C656 /* death-note */,
				DB197CCC2232B4660047C656 /* Products */,
			);
			sourceTree = "<group>";
		};
		DB197CCC2232B4660047C656 /* Products */ = {
			isa = PBXGroup;
			children = (
				DB197CCB2232B4660047C656 /* death-note.app */,
			);
			name = Products;
			sourceTree = "<group>";
		};
		DB197CCD2232B4660047C656 /* death-note */ = {
			isa = PBXGroup;
			children = (
				DB197CCE2232B4660047C656 /* AppDelegate.swift */,
				DB197CD02232B4660047C656 /* ViewController.swift */,
				DB097A5A2232D88F009A157F /* AddNoteViewController.swift */,
				DB197CD22232B4660047C656 /* Main.storyboard */,
				DB197CD52232B4660047C656 /* Assets.xcassets */,
				DB197CD72232B4660047C656 /* LaunchScreen.storyboard */,
				DB197CDA2232B4660047C656 /* Info.plist */,
				DB197CE02232B5780047C656 /* Model.swift */,
				DB9058422233F910000B5675 /* DeathNoteTableViewCell.swift */,
			);
			path = "death-note";
			sourceTree = "<group>";
		};
/* End PBXGroup section */

/* Begin PBXNativeTarget section */
		DB197CCA2232B4660047C656 /* death-note */ = {
			isa = PBXNativeTarget;
			buildConfigurationList = DB197CDD2232B4660047C656 /* Build configuration list for PBXNativeTarget "death-note" */;
			buildPhases = (
				DB197CC72232B4660047C656 /* Sources */,
				DB197CC82232B4660047C656 /* Frameworks */,
				DB197CC92232B4660047C656 /* Resources */,
			);
			buildRules = (
			);
			dependencies = (
			);
			name = "death-note";
			productName = "death-note";
			productReference = DB197CCB2232B4660047C656 /* death-note.app */;
			productType = "com.apple.product-type.application";
		};
/* End PBXNativeTarget section */

/* Begin PBXProject section */
		DB197CC32232B4660047C656 /* Project object */ = {
			isa = PBXProject;
			attributes = {
				LastSwiftUpdateCheck = 0920;
				LastUpgradeCheck = 0920;
				ORGANIZATIONNAME = "Clementine URQUIZAR";
				TargetAttributes = {
					DB197CCA2232B4660047C656 = {
						CreatedOnToolsVersion = 9.2;
						ProvisioningStyle = Automatic;
					};
				};
			};
			buildConfigurationList = DB197CC62232B4660047C656 /* Build configuration list for PBXProject "death-note" */;
			compatibilityVersion = "Xcode 8.0";
			developmentRegion = en;
			hasScannedForEncodings = 0;
			knownRegions = (
				en,
				Base,
			);
			mainGroup = DB197CC22232B4660047C656;
			productRefGroup = DB197CCC2232B4660047C656 /* Products */;
			projectDirPath = "";
			projectRoot = "";
			targets = (
				DB197CCA2232B4660047C656 /* death-note */,
			);
		};
/* End PBXProject section */

/* Begin PBXResourcesBuildPhase section */
		DB197CC92232B4660047C656 /* Resources */ = {
			isa = PBXResourcesBuildPhase;
			buildActionMask = 2147483647;
			files = (
				DB197CD92232B4660047C656 /* LaunchScreen.storyboard in Resources */,
				DB197CD62232B4660047C656 /* Assets.xcassets in Resources */,
				DB197CD42232B4660047C656 /* Main.storyboard in Resources */,
			);
			runOnlyForDeploymentPostprocessing = 0;
		};
/* End PBXResourcesBuildPhase section */

/* Begin PBXSourcesBuildPhase section */
		DB197CC72232B4660047C656 /* Sources */ = {
			isa = PBXSourcesBuildPhase;
			buildActionMask = 2147483647;
			files = (
				DB097A5B2232D88F009A157F /* AddNoteViewController.swift in Sources */,
				DB197CE12232B5780047C656 /* Model.swift in Sources */,
				DB197CD12232B4660047C656 /* ViewController.swift in Sources */,
				DB197CCF2232B4660047C656 /* AppDelegate.swift in Sources */,
				DB9058432233F910000B5675 /* DeathNoteTableViewCell.swift in Sources */,
			);
			runOnlyForDeploymentPostprocessing = 0;
		};
/* End PBXSourcesBuildPhase section */

/* Begin PBXVariantGroup section */
		DB197CD22232B4660047C656 /* Main.storyboard */ = {
			isa = PBXVariantGroup;
			children = (
				DB197CD32232B4660047C656 /* Base */,
			);
			name = Main.storyboard;
			sourceTree = "<group>";
		};
		DB197CD72232B4660047C656 /* LaunchScreen.storyboard */ = {
			isa = PBXVariantGroup;
			children = (
				DB197CD82232B4660047C656 /* Base */,
			);
			name = LaunchScreen.storyboard;
			sourceTree = "<group>";
		};
/* End PBXVariantGroup section */

/* Begin XCBuildConfiguration section */
		DB197CDB2232B4660047C656 /* Debug */ = {
			isa = XCBuildConfiguration;
			buildSettings = {
				ALWAYS_SEARCH_USER_PATHS = NO;
				CLANG_ANALYZER_NONNULL = YES;
				CLANG_ANALYZER_NUMBER_OBJECT_CONVERSION = YES_AGGRESSIVE;
				CLANG_CXX_LANGUAGE_STANDARD = "gnu++14";
				CLANG_CXX_LIBRARY = "libc++";
				CLANG_ENABLE_MODULES = YES;
				CLANG_ENABLE_OBJC_ARC = YES;
				CLANG_WARN_BLOCK_CAPTURE_AUTORELEASING = YES;
				CLANG_WARN_BOOL_CONVERSION = YES;
				CLANG_WARN_COMMA = YES;
				CLANG_WARN_CONSTANT_CONVERSION = YES;
				CLANG_WARN_DIRECT_OBJC_ISA_USAGE = YES_ERROR;
				CLANG_WARN_DOCUMENTATION_COMMENTS = YES;
				CLANG_WARN_EMPTY_BODY = YES;
				CLANG_WARN_ENUM_CONVERSION = YES;
				CLANG_WARN_INFINITE_RECURSION = YES;
				CLANG_WARN_INT_CONVERSION = YES;
				CLANG_WARN_NON_LITERAL_NULL_CONVERSION = YES;
				CLANG_WARN_OBJC_LITERAL_CONVERSION = YES;
				CLANG_WARN_OBJC_ROOT_CLASS = YES_ERROR;
				CLANG_WARN_RANGE_LOOP_ANALYSIS = YES;
				CLANG_WARN_STRICT_PROTOTYPES = YES;
				CLANG_WARN_SUSPICIOUS_MOVE = YES;
				CLANG_WARN_UNGUARDED_AVAILABILITY = YES_AGGRESSIVE;
				CLANG_WARN_UNREACHABLE_CODE = YES;
				CLANG_WARN__DUPLICATE_METHOD_MATCH = YES;
				CODE_SIGN_IDENTITY = "iPhone Developer";
				COPY_PHASE_STRIP = NO;
				DEBUG_INFORMATION_FORMAT = dwarf;
				ENABLE_STRICT_OBJC_MSGSEND = YES;
				ENABLE_TESTABILITY = YES;
				GCC_C_LANGUAGE_STANDARD = gnu11;
				GCC_DYNAMIC_NO_PIC = NO;
				GCC_NO_COMMON_BLOCKS = YES;
				GCC_OPTIMIZATION_LEVEL = 0;
				GCC_PREPROCESSOR_DEFINITIONS = (
					"DEBUG=1",
					"$(inherited)",
				);
				GCC_WARN_64_TO_32_BIT_CONVERSION = YES;
				GCC_WARN_ABOUT_RETURN_TYPE = YES_ERROR;
				GCC_WARN_UNDECLARED_SELECTOR = YES;
				GCC_WARN_UNINITIALIZED_AUTOS = YES_AGGRESSIVE;
				GCC_WARN_UNUSED_FUNCTION = YES;
				GCC_WARN_UNUSED_VARIABLE = YES;
				IPHONEOS_DEPLOYMENT_TARGET = 11.2;
				MTL_ENABLE_DEBUG_INFO = YES;
				ONLY_ACTIVE_ARCH = YES;
				SDKROOT = iphoneos;
				SWIFT_ACTIVE_COMPILATION_CONDITIONS = DEBUG;
				SWIFT_OPTIMIZATION_LEVEL = "-Onone";
			};
			name = Debug;
		};
		DB197CDC2232B4660047C656 /* Release */ = {
			isa = XCBuildConfiguration;
			buildSettings = {
				ALWAYS_SEARCH_USER_PATHS = NO;
				CLANG_ANALYZER_NONNULL = YES;
				CLANG_ANALYZER_NUMBER_OBJECT_CONVERSION = YES_AGGRESSIVE;
				CLANG_CXX_LANGUAGE_STANDARD = "gnu++14";
				CLANG_CXX_LIBRARY = "libc++";
				CLANG_ENABLE_MODULES = YES;
				CLANG_ENABLE_OBJC_ARC = YES;
				CLANG_WARN_BLOCK_CAPTURE_AUTORELEASING = YES;
				CLANG_WARN_BOOL_CONVERSION = YES;
				CLANG_WARN_COMMA = YES;
				CLANG_WARN_CONSTANT_CONVERSION = YES;
				CLANG_WARN_DIRECT_OBJC_ISA_USAGE = YES_ERROR;
				CLANG_WARN_DOCUMENTATION_COMMENTS = YES;
				CLANG_WARN_EMPTY_BODY = YES;
				CLANG_WARN_ENUM_CONVERSION = YES;
				CLANG_WARN_INFINITE_RECURSION = YES;
				CLANG_WARN_INT_CONVERSION = YES;
				CLANG_WARN_NON_LITERAL_NULL_CONVERSION = YES;
				CLANG_WARN_OBJC_LITERAL_CONVERSION = YES;
				CLANG_WARN_OBJC_ROOT_CLASS = YES_ERROR;
				CLANG_WARN_RANGE_LOOP_ANALYSIS = YES;
				CLANG_WARN_STRICT_PROTOTYPES = YES;
				CLANG_WARN_SUSPICIOUS_MOVE = YES;
				CLANG_WARN_UNGUARDED_AVAILABILITY = YES_AGGRESSIVE;
				CLANG_WARN_UNREACHABLE_CODE = YES;
				CLANG_WARN__DUPLICATE_METHOD_MATCH = YES;
				CODE_SIGN_IDENTITY = "iPhone Developer";
				COPY_PHASE_STRIP = NO;
				DEBUG_INFORMATION_FORMAT = "dwarf-with-dsym";
				ENABLE_NS_ASSERTIONS = NO;
				ENABLE_STRICT_OBJC_MSGSEND = YES;
				GCC_C_LANGUAGE_STANDARD = gnu11;
				GCC_NO_COMMON_BLOCKS = YES;
				GCC_WARN_64_TO_32_BIT_CONVERSION = YES;
				GCC_WARN_ABOUT_RETURN_TYPE = YES_ERROR;
				GCC_WARN_UNDECLARED_SELECTOR = YES;
				GCC_WARN_UNINITIALIZED_AUTOS = YES_AGGRESSIVE;
				GCC_WARN_UNUSED_FUNCTION = YES;
				GCC_WARN_UNUSED_VARIABLE = YES;
				IPHONEOS_DEPLOYMENT_TARGET = 11.2;
				MTL_ENABLE_DEBUG_INFO = NO;
				SDKROOT = iphoneos;
				SWIFT_OPTIMIZATION_LEVEL = "-Owholemodule";
				VALIDATE_PRODUCT = YES;
			};
			name = Release;
		};
		DB197CDE2232B4660047C656 /* Debug */ = {
			isa = XCBuildConfiguration;
			buildSettings = {
				ASSETCATALOG_COMPILER_APPICON_NAME = AppIcon;
				CODE_SIGN_STYLE = Automatic;
				INFOPLIST_FILE = "death-note/Info.plist";
				LD_RUNPATH_SEARCH_PATHS = "$(inherited) @executable_path/Frameworks";
				PRODUCT_BUNDLE_IDENTIFIER = "-2.death-note";
				PRODUCT_NAME = "$(TARGET_NAME)";
				SWIFT_VERSION = 4.0;
				TARGETED_DEVICE_FAMILY = "1,2";
			};
			name = Debug;
		};
		DB197CDF2232B4660047C656 /* Release */ = {
			isa = XCBuildConfiguration;
			buildSettings = {
				ASSETCATALOG_COMPILER_APPICON_NAME = AppIcon;
				CODE_SIGN_STYLE = Automatic;
				INFOPLIST_FILE = "death-note/Info.plist";
				LD_RUNPATH_SEARCH_PATHS = "$(inherited) @executable_path/Frameworks";
				PRODUCT_BUNDLE_IDENTIFIER = "-2.death-note";
				PRODUCT_NAME = "$(TARGET_NAME)";
				SWIFT_VERSION = 4.0;
				TARGETED_DEVICE_FAMILY = "1,2";
			};
			name = Release;
		};
/* End XCBuildConfiguration section */

/* Begin XCConfigurationList section */
		DB197CC62232B4660047C656 /* Build configuration list for PBXProject "death-note" */ = {
			isa = XCConfigurationList;
			buildConfigurations = (
				DB197CDB2232B4660047C656 /* Debug */,
				DB197CDC2232B4660047C656 /* Release */,
			);
			defaultConfigurationIsVisible = 0;
			defaultConfigurationName = Release;
		};
		DB197CDD2232B4660047C656 /* Build configuration list for PBXNativeTarget "death-note" */ = {
			isa = XCConfigurationList;
			buildConfigurations = (
				DB197CDE2232B4660047C656 /* Debug */,
				DB197CDF2232B4660047C656 /* Release */,
			);
			defaultConfigurationIsVisible = 0;
			defaultConfigurationName = Release;
		};
/* End XCConfigurationList section */
	};
	rootObject = DB197CC32232B4660047C656 /* Project object */;
}
