// !$*UTF8*$!
{
	archiveVersion = 1;
	classes = {
	};
	objectVersion = 48;
	objects = {

/* Begin PBXBuildFile section */
		708BCFA6F04F83F40E5F8E00 /* Pods_d09.framework in Frameworks */ = {isa = PBXBuildFile; fileRef = C882A516205B4CDE4687E374 /* Pods_d09.framework */; };
		DB239DAA2257C7B80079EC75 /* AuthViewController.swift in Sources */ = {isa = PBXBuildFile; fileRef = DB239DA92257C7B80079EC75 /* AuthViewController.swift */; };
		DB239DAC2257D4410079EC75 /* ArticleTableViewCell.swift in Sources */ = {isa = PBXBuildFile; fileRef = DB239DAB2257D4410079EC75 /* ArticleTableViewCell.swift */; };
		DB3F6A5D22579D6C00C50AD1 /* AppDelegate.swift in Sources */ = {isa = PBXBuildFile; fileRef = DB3F6A5C22579D6C00C50AD1 /* AppDelegate.swift */; };
		DB3F6A5F22579D6C00C50AD1 /* ArticlesViewController.swift in Sources */ = {isa = PBXBuildFile; fileRef = DB3F6A5E22579D6C00C50AD1 /* ArticlesViewController.swift */; };
		DB3F6A6222579D6C00C50AD1 /* Main.storyboard in Resources */ = {isa = PBXBuildFile; fileRef = DB3F6A6022579D6C00C50AD1 /* Main.storyboard */; };
		DB3F6A6422579D6C00C50AD1 /* Assets.xcassets in Resources */ = {isa = PBXBuildFile; fileRef = DB3F6A6322579D6C00C50AD1 /* Assets.xcassets */; };
		DB3F6A6722579D6C00C50AD1 /* LaunchScreen.storyboard in Resources */ = {isa = PBXBuildFile; fileRef = DB3F6A6522579D6C00C50AD1 /* LaunchScreen.storyboard */; };
/* End PBXBuildFile section */

/* Begin PBXFileReference section */
		5CFFB2D4C982DAC7EAC39970 /* Pods-d09.debug.xcconfig */ = {isa = PBXFileReference; includeInIndex = 1; lastKnownFileType = text.xcconfig; name = "Pods-d09.debug.xcconfig"; path = "Target Support Files/Pods-d09/Pods-d09.debug.xcconfig"; sourceTree = "<group>"; };
		6CF6365440CA15FA8FEBF236 /* Pods-d09.release.xcconfig */ = {isa = PBXFileReference; includeInIndex = 1; lastKnownFileType = text.xcconfig; name = "Pods-d09.release.xcconfig"; path = "Target Support Files/Pods-d09/Pods-d09.release.xcconfig"; sourceTree = "<group>"; };
		C882A516205B4CDE4687E374 /* Pods_d09.framework */ = {isa = PBXFileReference; explicitFileType = wrapper.framework; includeInIndex = 0; path = Pods_d09.framework; sourceTree = BUILT_PRODUCTS_DIR; };
		DB239DA92257C7B80079EC75 /* AuthViewController.swift */ = {isa = PBXFileReference; lastKnownFileType = sourcecode.swift; path = AuthViewController.swift; sourceTree = "<group>"; };
		DB239DAB2257D4410079EC75 /* ArticleTableViewCell.swift */ = {isa = PBXFileReference; lastKnownFileType = sourcecode.swift; path = ArticleTableViewCell.swift; sourceTree = "<group>"; };
		DB3F6A5922579D6C00C50AD1 /* d09.app */ = {isa = PBXFileReference; explicitFileType = wrapper.application; includeInIndex = 0; path = d09.app; sourceTree = BUILT_PRODUCTS_DIR; };
		DB3F6A5C22579D6C00C50AD1 /* AppDelegate.swift */ = {isa = PBXFileReference; lastKnownFileType = sourcecode.swift; path = AppDelegate.swift; sourceTree = "<group>"; };
		DB3F6A5E22579D6C00C50AD1 /* ArticlesViewController.swift */ = {isa = PBXFileReference; lastKnownFileType = sourcecode.swift; path = ArticlesViewController.swift; sourceTree = "<group>"; };
		DB3F6A6122579D6C00C50AD1 /* Base */ = {isa = PBXFileReference; lastKnownFileType = file.storyboard; name = Base; path = Base.lproj/Main.storyboard; sourceTree = "<group>"; };
		DB3F6A6322579D6C00C50AD1 /* Assets.xcassets */ = {isa = PBXFileReference; lastKnownFileType = folder.assetcatalog; path = Assets.xcassets; sourceTree = "<group>"; };
		DB3F6A6622579D6C00C50AD1 /* Base */ = {isa = PBXFileReference; lastKnownFileType = file.storyboard; name = Base; path = Base.lproj/LaunchScreen.storyboard; sourceTree = "<group>"; };
		DB3F6A6822579D6C00C50AD1 /* Info.plist */ = {isa = PBXFileReference; lastKnownFileType = text.plist.xml; path = Info.plist; sourceTree = "<group>"; };
/* End PBXFileReference section */

/* Begin PBXFrameworksBuildPhase section */
		DB3F6A5622579D6C00C50AD1 /* Frameworks */ = {
			isa = PBXFrameworksBuildPhase;
			buildActionMask = 2147483647;
			files = (
				708BCFA6F04F83F40E5F8E00 /* Pods_d09.framework in Frameworks */,
			);
			runOnlyForDeploymentPostprocessing = 0;
		};
/* End PBXFrameworksBuildPhase section */

/* Begin PBXGroup section */
		3224A2E3CCA940AFD7D82D00 /* Frameworks */ = {
			isa = PBXGroup;
			children = (
				C882A516205B4CDE4687E374 /* Pods_d09.framework */,
			);
			name = Frameworks;
			sourceTree = "<group>";
		};
		5CFA572414888205FF60CB16 /* Pods */ = {
			isa = PBXGroup;
			children = (
				5CFFB2D4C982DAC7EAC39970 /* Pods-d09.debug.xcconfig */,
				6CF6365440CA15FA8FEBF236 /* Pods-d09.release.xcconfig */,
			);
			path = Pods;
			sourceTree = "<group>";
		};
		DB3F6A5022579D6C00C50AD1 = {
			isa = PBXGroup;
			children = (
				DB3F6A5B22579D6C00C50AD1 /* d09 */,
				DB3F6A5A22579D6C00C50AD1 /* Products */,
				5CFA572414888205FF60CB16 /* Pods */,
				3224A2E3CCA940AFD7D82D00 /* Frameworks */,
			);
			sourceTree = "<group>";
		};
		DB3F6A5A22579D6C00C50AD1 /* Products */ = {
			isa = PBXGroup;
			children = (
				DB3F6A5922579D6C00C50AD1 /* d09.app */,
			);
			name = Products;
			sourceTree = "<group>";
		};
		DB3F6A5B22579D6C00C50AD1 /* d09 */ = {
			isa = PBXGroup;
			children = (
				DB3F6A5C22579D6C00C50AD1 /* AppDelegate.swift */,
				DB3F6A5E22579D6C00C50AD1 /* ArticlesViewController.swift */,
				DB3F6A6022579D6C00C50AD1 /* Main.storyboard */,
				DB239DAB2257D4410079EC75 /* ArticleTableViewCell.swift */,
				DB3F6A6322579D6C00C50AD1 /* Assets.xcassets */,
				DB3F6A6522579D6C00C50AD1 /* LaunchScreen.storyboard */,
				DB3F6A6822579D6C00C50AD1 /* Info.plist */,
				DB239DA92257C7B80079EC75 /* AuthViewController.swift */,
			);
			path = d09;
			sourceTree = "<group>";
		};
/* End PBXGroup section */

/* Begin PBXNativeTarget section */
		DB3F6A5822579D6C00C50AD1 /* d09 */ = {
			isa = PBXNativeTarget;
			buildConfigurationList = DB3F6A6B22579D6C00C50AD1 /* Build configuration list for PBXNativeTarget "d09" */;
			buildPhases = (
				D77078C9CD66F90783AF70E1 /* [CP] Check Pods Manifest.lock */,
				DB3F6A5522579D6C00C50AD1 /* Sources */,
				DB3F6A5622579D6C00C50AD1 /* Frameworks */,
				DB3F6A5722579D6C00C50AD1 /* Resources */,
				5D2E8199F4599735CD13A2C5 /* [CP] Embed Pods Frameworks */,
			);
			buildRules = (
			);
			dependencies = (
			);
			name = d09;
			productName = d09;
			productReference = DB3F6A5922579D6C00C50AD1 /* d09.app */;
			productType = "com.apple.product-type.application";
		};
/* End PBXNativeTarget section */

/* Begin PBXProject section */
		DB3F6A5122579D6C00C50AD1 /* Project object */ = {
			isa = PBXProject;
			attributes = {
				LastSwiftUpdateCheck = 0920;
				LastUpgradeCheck = 0920;
				ORGANIZATIONNAME = "Clementine URQUIZAR";
				TargetAttributes = {
					DB3F6A5822579D6C00C50AD1 = {
						CreatedOnToolsVersion = 9.2;
						ProvisioningStyle = Automatic;
					};
				};
			};
			buildConfigurationList = DB3F6A5422579D6C00C50AD1 /* Build configuration list for PBXProject "d09" */;
			compatibilityVersion = "Xcode 8.0";
			developmentRegion = en;
			hasScannedForEncodings = 0;
			knownRegions = (
				en,
				Base,
			);
			mainGroup = DB3F6A5022579D6C00C50AD1;
			productRefGroup = DB3F6A5A22579D6C00C50AD1 /* Products */;
			projectDirPath = "";
			projectRoot = "";
			targets = (
				DB3F6A5822579D6C00C50AD1 /* d09 */,
			);
		};
/* End PBXProject section */

/* Begin PBXResourcesBuildPhase section */
		DB3F6A5722579D6C00C50AD1 /* Resources */ = {
			isa = PBXResourcesBuildPhase;
			buildActionMask = 2147483647;
			files = (
				DB3F6A6722579D6C00C50AD1 /* LaunchScreen.storyboard in Resources */,
				DB3F6A6422579D6C00C50AD1 /* Assets.xcassets in Resources */,
				DB3F6A6222579D6C00C50AD1 /* Main.storyboard in Resources */,
			);
			runOnlyForDeploymentPostprocessing = 0;
		};
/* End PBXResourcesBuildPhase section */

/* Begin PBXShellScriptBuildPhase section */
		5D2E8199F4599735CD13A2C5 /* [CP] Embed Pods Frameworks */ = {
			isa = PBXShellScriptBuildPhase;
			buildActionMask = 2147483647;
			files = (
			);
			inputPaths = (
				"${PODS_ROOT}/Target Support Files/Pods-d09/Pods-d09-frameworks.sh",
				"${BUILT_PRODUCTS_DIR}/curquiza2019/curquiza2019.framework",
			);
			name = "[CP] Embed Pods Frameworks";
			outputPaths = (
				"${TARGET_BUILD_DIR}/${FRAMEWORKS_FOLDER_PATH}/curquiza2019.framework",
			);
			runOnlyForDeploymentPostprocessing = 0;
			shellPath = /bin/sh;
			shellScript = "\"${PODS_ROOT}/Target Support Files/Pods-d09/Pods-d09-frameworks.sh\"\n";
			showEnvVarsInLog = 0;
		};
		D77078C9CD66F90783AF70E1 /* [CP] Check Pods Manifest.lock */ = {
			isa = PBXShellScriptBuildPhase;
			buildActionMask = 2147483647;
			files = (
			);
			inputPaths = (
				"${PODS_PODFILE_DIR_PATH}/Podfile.lock",
				"${PODS_ROOT}/Manifest.lock",
			);
			name = "[CP] Check Pods Manifest.lock";
			outputPaths = (
				"$(DERIVED_FILE_DIR)/Pods-d09-checkManifestLockResult.txt",
			);
			runOnlyForDeploymentPostprocessing = 0;
			shellPath = /bin/sh;
			shellScript = "diff \"${PODS_PODFILE_DIR_PATH}/Podfile.lock\" \"${PODS_ROOT}/Manifest.lock\" > /dev/null\nif [ $? != 0 ] ; then\n    # print error to STDERR\n    echo \"error: The sandbox is not in sync with the Podfile.lock. Run 'pod install' or update your CocoaPods installation.\" >&2\n    exit 1\nfi\n# This output is used by Xcode 'outputs' to avoid re-running this script phase.\necho \"SUCCESS\" > \"${SCRIPT_OUTPUT_FILE_0}\"\n";
			showEnvVarsInLog = 0;
		};
/* End PBXShellScriptBuildPhase section */

/* Begin PBXSourcesBuildPhase section */
		DB3F6A5522579D6C00C50AD1 /* Sources */ = {
			isa = PBXSourcesBuildPhase;
			buildActionMask = 2147483647;
			files = (
				DB239DAC2257D4410079EC75 /* ArticleTableViewCell.swift in Sources */,
				DB3F6A5F22579D6C00C50AD1 /* ArticlesViewController.swift in Sources */,
				DB239DAA2257C7B80079EC75 /* AuthViewController.swift in Sources */,
				DB3F6A5D22579D6C00C50AD1 /* AppDelegate.swift in Sources */,
			);
			runOnlyForDeploymentPostprocessing = 0;
		};
/* End PBXSourcesBuildPhase section */

/* Begin PBXVariantGroup section */
		DB3F6A6022579D6C00C50AD1 /* Main.storyboard */ = {
			isa = PBXVariantGroup;
			children = (
				DB3F6A6122579D6C00C50AD1 /* Base */,
			);
			name = Main.storyboard;
			sourceTree = "<group>";
		};
		DB3F6A6522579D6C00C50AD1 /* LaunchScreen.storyboard */ = {
			isa = PBXVariantGroup;
			children = (
				DB3F6A6622579D6C00C50AD1 /* Base */,
			);
			name = LaunchScreen.storyboard;
			sourceTree = "<group>";
		};
/* End PBXVariantGroup section */

/* Begin XCBuildConfiguration section */
		DB3F6A6922579D6C00C50AD1 /* Debug */ = {
			isa = XCBuildConfiguration;
			buildSettings = {
				ALWAYS_SEARCH_USER_PATHS = NO;
				CLANG_ANALYZER_NONNULL = YES;
				CLANG_ANALYZER_NUMBER_OBJECT_CONVERSION = YES_AGGRESSIVE;
				CLANG_CXX_LANGUAGE_STANDARD = "gnu++14";
				CLANG_CXX_LIBRARY = "libc++";
				CLANG_ENABLE_MODULES = YES;
				CLANG_ENABLE_OBJC_ARC = YES;
				CLANG_WARN_BLOCK_CAPTURE_AUTORELEASING = YES;
				CLANG_WARN_BOOL_CONVERSION = YES;
				CLANG_WARN_COMMA = YES;
				CLANG_WARN_CONSTANT_CONVERSION = YES;
				CLANG_WARN_DIRECT_OBJC_ISA_USAGE = YES_ERROR;
				CLANG_WARN_DOCUMENTATION_COMMENTS = YES;
				CLANG_WARN_EMPTY_BODY = YES;
				CLANG_WARN_ENUM_CONVERSION = YES;
				CLANG_WARN_INFINITE_RECURSION = YES;
				CLANG_WARN_INT_CONVERSION = YES;
				CLANG_WARN_NON_LITERAL_NULL_CONVERSION = YES;
				CLANG_WARN_OBJC_LITERAL_CONVERSION = YES;
				CLANG_WARN_OBJC_ROOT_CLASS = YES_ERROR;
				CLANG_WARN_RANGE_LOOP_ANALYSIS = YES;
				CLANG_WARN_STRICT_PROTOTYPES = YES;
				CLANG_WARN_SUSPICIOUS_MOVE = YES;
				CLANG_WARN_UNGUARDED_AVAILABILITY = YES_AGGRESSIVE;
				CLANG_WARN_UNREACHABLE_CODE = YES;
				CLANG_WARN__DUPLICATE_METHOD_MATCH = YES;
				CODE_SIGN_IDENTITY = "iPhone Developer";
				COPY_PHASE_STRIP = NO;
				DEBUG_INFORMATION_FORMAT = dwarf;
				ENABLE_STRICT_OBJC_MSGSEND = YES;
				ENABLE_TESTABILITY = YES;
				GCC_C_LANGUAGE_STANDARD = gnu11;
				GCC_DYNAMIC_NO_PIC = NO;
				GCC_NO_COMMON_BLOCKS = YES;
				GCC_OPTIMIZATION_LEVEL = 0;
				GCC_PREPROCESSOR_DEFINITIONS = (
					"DEBUG=1",
					"$(inherited)",
				);
				GCC_WARN_64_TO_32_BIT_CONVERSION = YES;
				GCC_WARN_ABOUT_RETURN_TYPE = YES_ERROR;
				GCC_WARN_UNDECLARED_SELECTOR = YES;
				GCC_WARN_UNINITIALIZED_AUTOS = YES_AGGRESSIVE;
				GCC_WARN_UNUSED_FUNCTION = YES;
				GCC_WARN_UNUSED_VARIABLE = YES;
				IPHONEOS_DEPLOYMENT_TARGET = 11.2;
				MTL_ENABLE_DEBUG_INFO = YES;
				ONLY_ACTIVE_ARCH = YES;
				SDKROOT = iphoneos;
				SWIFT_ACTIVE_COMPILATION_CONDITIONS = DEBUG;
				SWIFT_OPTIMIZATION_LEVEL = "-Onone";
			};
			name = Debug;
		};
		DB3F6A6A22579D6C00C50AD1 /* Release */ = {
			isa = XCBuildConfiguration;
			buildSettings = {
				ALWAYS_SEARCH_USER_PATHS = NO;
				CLANG_ANALYZER_NONNULL = YES;
				CLANG_ANALYZER_NUMBER_OBJECT_CONVERSION = YES_AGGRESSIVE;
				CLANG_CXX_LANGUAGE_STANDARD = "gnu++14";
				CLANG_CXX_LIBRARY = "libc++";
				CLANG_ENABLE_MODULES = YES;
				CLANG_ENABLE_OBJC_ARC = YES;
				CLANG_WARN_BLOCK_CAPTURE_AUTORELEASING = YES;
				CLANG_WARN_BOOL_CONVERSION = YES;
				CLANG_WARN_COMMA = YES;
				CLANG_WARN_CONSTANT_CONVERSION = YES;
				CLANG_WARN_DIRECT_OBJC_ISA_USAGE = YES_ERROR;
				CLANG_WARN_DOCUMENTATION_COMMENTS = YES;
				CLANG_WARN_EMPTY_BODY = YES;
				CLANG_WARN_ENUM_CONVERSION = YES;
				CLANG_WARN_INFINITE_RECURSION = YES;
				CLANG_WARN_INT_CONVERSION = YES;
				CLANG_WARN_NON_LITERAL_NULL_CONVERSION = YES;
				CLANG_WARN_OBJC_LITERAL_CONVERSION = YES;
				CLANG_WARN_OBJC_ROOT_CLASS = YES_ERROR;
				CLANG_WARN_RANGE_LOOP_ANALYSIS = YES;
				CLANG_WARN_STRICT_PROTOTYPES = YES;
				CLANG_WARN_SUSPICIOUS_MOVE = YES;
				CLANG_WARN_UNGUARDED_AVAILABILITY = YES_AGGRESSIVE;
				CLANG_WARN_UNREACHABLE_CODE = YES;
				CLANG_WARN__DUPLICATE_METHOD_MATCH = YES;
				CODE_SIGN_IDENTITY = "iPhone Developer";
				COPY_PHASE_STRIP = NO;
				DEBUG_INFORMATION_FORMAT = "dwarf-with-dsym";
				ENABLE_NS_ASSERTIONS = NO;
				ENABLE_STRICT_OBJC_MSGSEND = YES;
				GCC_C_LANGUAGE_STANDARD = gnu11;
				GCC_NO_COMMON_BLOCKS = YES;
				GCC_WARN_64_TO_32_BIT_CONVERSION = YES;
				GCC_WARN_ABOUT_RETURN_TYPE = YES_ERROR;
				GCC_WARN_UNDECLARED_SELECTOR = YES;
				GCC_WARN_UNINITIALIZED_AUTOS = YES_AGGRESSIVE;
				GCC_WARN_UNUSED_FUNCTION = YES;
				GCC_WARN_UNUSED_VARIABLE = YES;
				IPHONEOS_DEPLOYMENT_TARGET = 11.2;
				MTL_ENABLE_DEBUG_INFO = NO;
				SDKROOT = iphoneos;
				SWIFT_OPTIMIZATION_LEVEL = "-Owholemodule";
				VALIDATE_PRODUCT = YES;
			};
			name = Release;
		};
		DB3F6A6C22579D6C00C50AD1 /* Debug */ = {
			isa = XCBuildConfiguration;
			baseConfigurationReference = 5CFFB2D4C982DAC7EAC39970 /* Pods-d09.debug.xcconfig */;
			buildSettings = {
				ASSETCATALOG_COMPILER_APPICON_NAME = AppIcon;
				CODE_SIGN_STYLE = Automatic;
				INFOPLIST_FILE = d09/Info.plist;
				LD_RUNPATH_SEARCH_PATHS = "$(inherited) @executable_path/Frameworks";
				PRODUCT_BUNDLE_IDENTIFIER = "-2.d09";
				PRODUCT_NAME = "$(TARGET_NAME)";
				SWIFT_VERSION = 4.0;
				TARGETED_DEVICE_FAMILY = "1,2";
			};
			name = Debug;
		};
		DB3F6A6D22579D6C00C50AD1 /* Release */ = {
			isa = XCBuildConfiguration;
			baseConfigurationReference = 6CF6365440CA15FA8FEBF236 /* Pods-d09.release.xcconfig */;
			buildSettings = {
				ASSETCATALOG_COMPILER_APPICON_NAME = AppIcon;
				CODE_SIGN_STYLE = Automatic;
				INFOPLIST_FILE = d09/Info.plist;
				LD_RUNPATH_SEARCH_PATHS = "$(inherited) @executable_path/Frameworks";
				PRODUCT_BUNDLE_IDENTIFIER = "-2.d09";
				PRODUCT_NAME = "$(TARGET_NAME)";
				SWIFT_VERSION = 4.0;
				TARGETED_DEVICE_FAMILY = "1,2";
			};
			name = Release;
		};
/* End XCBuildConfiguration section */

/* Begin XCConfigurationList section */
		DB3F6A5422579D6C00C50AD1 /* Build configuration list for PBXProject "d09" */ = {
			isa = XCConfigurationList;
			buildConfigurations = (
				DB3F6A6922579D6C00C50AD1 /* Debug */,
				DB3F6A6A22579D6C00C50AD1 /* Release */,
			);
			defaultConfigurationIsVisible = 0;
			defaultConfigurationName = Release;
		};
		DB3F6A6B22579D6C00C50AD1 /* Build configuration list for PBXNativeTarget "d09" */ = {
			isa = XCConfigurationList;
			buildConfigurations = (
				DB3F6A6C22579D6C00C50AD1 /* Debug */,
				DB3F6A6D22579D6C00C50AD1 /* Release */,
			);
			defaultConfigurationIsVisible = 0;
			defaultConfigurationName = Release;
		};
/* End XCConfigurationList section */
	};
	rootObject = DB3F6A5122579D6C00C50AD1 /* Project object */;
}
